
Microsoft Visual Studio Solution File, Format Version 12.00
# Visual Studio 15
VisualStudioVersion = 15.0.27130.2024
MinimumVisualStudioVersion = 10.0.40219.1
Project("{FAE04EC0-301F-11D3-BF4B-00C04F79EFBC}") = "Fantasy", "Fantasy\Fantasy.csproj", "{DCA941D6-8739-4575-8695-B71A997AE0BC}"
EndProject
Global
	GlobalSection(SolutionConfigurationPlatforms) = preSolution
		Debug|Any CPU = Debug|Any CPU
		Release|Any CPU = Release|Any CPU
	EndGlobalSection
	GlobalSection(ProjectConfigurationPlatforms) = postSolution
		{DCA941D6-8739-4575-8695-B71A997AE0BC}.Debug|Any CPU.ActiveCfg = Debug|Any CPU
		{DCA941D6-8739-4575-8695-B71A997AE0BC}.Debug|Any CPU.Build.0 = Debug|Any CPU
		{DCA941D6-8739-4575-8695-B71A997AE0BC}.Release|Any CPU.ActiveCfg = Release|Any CPU
		{DCA941D6-8739-4575-8695-B71A997AE0BC}.Release|Any CPU.Build.0 = Release|Any CPU
	EndGlobalSection
	GlobalSection(SolutionProperties) = preSolution
		HideSolutionNode = FALSE
	EndGlobalSection
	GlobalSection(ExtensibilityGlobals) = postSolution
		SolutionGuid = {6E691996-D227-4B52-92C4-3A7DCDA4FA08}
	EndGlobalSection
EndGlobal
